
Microsoft Visual Studio Solution File, Format Version 12.00
# Visual Studio Version 16
VisualStudioVersion = 16.0.29709.97
MinimumVisualStudioVersion = 10.0.40219.1
Project("{FAE04EC0-301F-11D3-BF4B-00C04F79EFBC}") = "NewsPlease", "NewsPlease.csproj", "{FE7EA64D-5022-4471-8609-512BE9567B16}"
EndProject
Global
	GlobalSection(SolutionConfigurationPlatforms) = preSolution
		Debug|Any CPU = Debug|Any CPU
		Release|Any CPU = Release|Any CPU
	EndGlobalSection
	GlobalSection(ProjectConfigurationPlatforms) = postSolution
		{FE7EA64D-5022-4471-8609-512BE9567B16}.Debug|Any CPU.ActiveCfg = Debug|Any CPU
		{FE7EA64D-5022-4471-8609-512BE9567B16}.Debug|Any CPU.Build.0 = Debug|Any CPU
		{FE7EA64D-5022-4471-8609-512BE9567B16}.Release|Any CPU.ActiveCfg = Release|Any CPU
		{FE7EA64D-5022-4471-8609-512BE9567B16}.Release|Any CPU.Build.0 = Release|Any CPU
	EndGlobalSection
	GlobalSection(SolutionProperties) = preSolution
		HideSolutionNode = FALSE
	EndGlobalSection
	GlobalSection(ExtensibilityGlobals) = postSolution
		SolutionGuid = {F7A70997-945D-4431-A73F-396A8AD7E77F}
	EndGlobalSection
EndGlobal
